// !$*UTF8*$!
{
	archiveVersion = 1;
	classes = {
	};
	objectVersion = 51;
	objects = {

/* Begin PBXBuildFile section */
		46053C622609570000A23D8F /* AppDelegate.swift in Sources */ = {isa = PBXBuildFile; fileRef = 46053C612609570000A23D8F /* AppDelegate.swift */; };
		46053C6B2609570100A23D8F /* Assets.xcassets in Resources */ = {isa = PBXBuildFile; fileRef = 46053C6A2609570100A23D8F /* Assets.xcassets */; };
		46053C6E2609570100A23D8F /* LaunchScreen.storyboard in Resources */ = {isa = PBXBuildFile; fileRef = 46053C6C2609570100A23D8F /* LaunchScreen.storyboard */; };
		46053C792609570100A23D8F /* testsPostsAppTests.swift in Sources */ = {isa = PBXBuildFile; fileRef = 46053C782609570100A23D8F /* testsPostsAppTests.swift */; };
		46053CCA2609651600A23D8F /* NetworkEntityParser.swift in Sources */ = {isa = PBXBuildFile; fileRef = 46053CC42609651600A23D8F /* NetworkEntityParser.swift */; };
		46053CCB2609651600A23D8F /* NetworkError.swift in Sources */ = {isa = PBXBuildFile; fileRef = 46053CC52609651600A23D8F /* NetworkError.swift */; };
		46053CCC2609651600A23D8F /* NetworkManager.swift in Sources */ = {isa = PBXBuildFile; fileRef = 46053CC62609651600A23D8F /* NetworkManager.swift */; };
		46053CCD2609651600A23D8F /* NetworkConfig.swift in Sources */ = {isa = PBXBuildFile; fileRef = 46053CC72609651600A23D8F /* NetworkConfig.swift */; };
		46053CCE2609651600A23D8F /* NetworkRequest.swift in Sources */ = {isa = PBXBuildFile; fileRef = 46053CC82609651600A23D8F /* NetworkRequest.swift */; };
		46053CCF2609651600A23D8F /* NetworkResponse.swift in Sources */ = {isa = PBXBuildFile; fileRef = 46053CC92609651600A23D8F /* NetworkResponse.swift */; };
		46053CD32609657500A23D8F /* Managers.swift in Sources */ = {isa = PBXBuildFile; fileRef = 46053CD22609657500A23D8F /* Managers.swift */; };
		46053CD8260965D100A23D8F /* Colors.swift in Sources */ = {isa = PBXBuildFile; fileRef = 46053CD7260965D100A23D8F /* Colors.swift */; };
		46053CE42609674700A23D8F /* FirstScreenPresenter.swift in Sources */ = {isa = PBXBuildFile; fileRef = 46053CDE2609674700A23D8F /* FirstScreenPresenter.swift */; };
		46053CE62609674700A23D8F /* FirstScreenRouter.swift in Sources */ = {isa = PBXBuildFile; fileRef = 46053CE02609674700A23D8F /* FirstScreenRouter.swift */; };
		46053CE72609674700A23D8F /* FirstScreenModels.swift in Sources */ = {isa = PBXBuildFile; fileRef = 46053CE12609674700A23D8F /* FirstScreenModels.swift */; };
		46053CE82609674700A23D8F /* FirstScreenViewController.swift in Sources */ = {isa = PBXBuildFile; fileRef = 46053CE22609674700A23D8F /* FirstScreenViewController.swift */; };
		46053CE92609674700A23D8F /* FirstScreenInteractor.swift in Sources */ = {isa = PBXBuildFile; fileRef = 46053CE32609674700A23D8F /* FirstScreenInteractor.swift */; };
		463A79AF2609E5FB0099F422 /* Colors.xcassets in Resources */ = {isa = PBXBuildFile; fileRef = 463A79AE2609E5FB0099F422 /* Colors.xcassets */; };
		463A79BE2609E7020099F422 /* UIColor.swift in Sources */ = {isa = PBXBuildFile; fileRef = 463A79BD2609E7020099F422 /* UIColor.swift */; };
		463A79C32609E7750099F422 /* Collection.swift in Sources */ = {isa = PBXBuildFile; fileRef = 463A79C22609E7750099F422 /* Collection.swift */; };
		463A79C72609E9000099F422 /* FirstScreenView.swift in Sources */ = {isa = PBXBuildFile; fileRef = 463A79C62609E9000099F422 /* FirstScreenView.swift */; };
		463A79CC2609EC530099F422 /* LoaderView.swift in Sources */ = {isa = PBXBuildFile; fileRef = 463A79CB2609EC530099F422 /* LoaderView.swift */; };
		463A79D02609EC7B0099F422 /* UIView.swift in Sources */ = {isa = PBXBuildFile; fileRef = 463A79CF2609EC7B0099F422 /* UIView.swift */; };
		463A79D42609ED2A0099F422 /* ScreenLoadErrorView.swift in Sources */ = {isa = PBXBuildFile; fileRef = 463A79D32609ED2A0099F422 /* ScreenLoadErrorView.swift */; };
		463A79DD2609F2F20099F422 /* PostTableViewCell.swift in Sources */ = {isa = PBXBuildFile; fileRef = 463A79DC2609F2F20099F422 /* PostTableViewCell.swift */; };
		463A79E12609F3720099F422 /* UITableViewCell.swift in Sources */ = {isa = PBXBuildFile; fileRef = 463A79E02609F3720099F422 /* UITableViewCell.swift */; };
		463A79E62609F74F0099F422 /* PostEntities.swift in Sources */ = {isa = PBXBuildFile; fileRef = 463A79E52609F74F0099F422 /* PostEntities.swift */; };
		463A79EE2609F81F0099F422 /* PostDataModels.swift in Sources */ = {isa = PBXBuildFile; fileRef = 463A79ED2609F81F0099F422 /* PostDataModels.swift */; };
		463A79F22609F82E0099F422 /* PostRepository.swift in Sources */ = {isa = PBXBuildFile; fileRef = 463A79F12609F82E0099F422 /* PostRepository.swift */; };
		463A7A02260A2FF90099F422 /* DatabaseManager.swift in Sources */ = {isa = PBXBuildFile; fileRef = 463A7A01260A2FF90099F422 /* DatabaseManager.swift */; };
		463A7A06260A3D820099F422 /* DatabaseError.swift in Sources */ = {isa = PBXBuildFile; fileRef = 463A7A05260A3D820099F422 /* DatabaseError.swift */; };
		463A7A0B260A478F0099F422 /* PostObject.swift in Sources */ = {isa = PBXBuildFile; fileRef = 463A7A0A260A478F0099F422 /* PostObject.swift */; };
		463A7A0F260A48F80099F422 /* DatabaseObjectConvertible.swift in Sources */ = {isa = PBXBuildFile; fileRef = 463A7A0E260A48F80099F422 /* DatabaseObjectConvertible.swift */; };
		463A7A20260A51E90099F422 /* Repositories.swift in Sources */ = {isa = PBXBuildFile; fileRef = 463A7A1F260A51E90099F422 /* Repositories.swift */; };
		5F0EB470B5C8C5214F7B8BD6 /* Pods_testsPostsAppTests.framework in Frameworks */ = {isa = PBXBuildFile; fileRef = FA59626127077F911F522395 /* Pods_testsPostsAppTests.framework */; };
		971E61E752701703F4C15EF0 /* Pods_testsPostsApp.framework in Frameworks */ = {isa = PBXBuildFile; fileRef = 467F8786A4F9DA15F9DF6369 /* Pods_testsPostsApp.framework */; };
/* End PBXBuildFile section */

/* Begin PBXContainerItemProxy section */
		46053C752609570100A23D8F /* PBXContainerItemProxy */ = {
			isa = PBXContainerItemProxy;
			containerPortal = 46053C562609570000A23D8F /* Project object */;
			proxyType = 1;
			remoteGlobalIDString = 46053C5D2609570000A23D8F;
			remoteInfo = testsPostsApp;
		};
/* End PBXContainerItemProxy section */

/* Begin PBXFileReference section */
		20D904F37C6B6929336BC2C1 /* Pods-testsPostsAppTests.release.xcconfig */ = {isa = PBXFileReference; includeInIndex = 1; lastKnownFileType = text.xcconfig; name = "Pods-testsPostsAppTests.release.xcconfig"; path = "Target Support Files/Pods-testsPostsAppTests/Pods-testsPostsAppTests.release.xcconfig"; sourceTree = "<group>"; };
		46053C5E2609570000A23D8F /* testsPostsApp.app */ = {isa = PBXFileReference; explicitFileType = wrapper.application; includeInIndex = 0; path = testsPostsApp.app; sourceTree = BUILT_PRODUCTS_DIR; };
		46053C612609570000A23D8F /* AppDelegate.swift */ = {isa = PBXFileReference; lastKnownFileType = sourcecode.swift; path = AppDelegate.swift; sourceTree = "<group>"; };
		46053C6A2609570100A23D8F /* Assets.xcassets */ = {isa = PBXFileReference; lastKnownFileType = folder.assetcatalog; path = Assets.xcassets; sourceTree = "<group>"; };
		46053C6D2609570100A23D8F /* Base */ = {isa = PBXFileReference; lastKnownFileType = file.storyboard; name = Base; path = Base.lproj/LaunchScreen.storyboard; sourceTree = "<group>"; };
		46053C6F2609570100A23D8F /* Info.plist */ = {isa = PBXFileReference; lastKnownFileType = text.plist.xml; path = Info.plist; sourceTree = "<group>"; };
		46053C742609570100A23D8F /* testsPostsAppTests.xctest */ = {isa = PBXFileReference; explicitFileType = wrapper.cfbundle; includeInIndex = 0; path = testsPostsAppTests.xctest; sourceTree = BUILT_PRODUCTS_DIR; };
		46053C782609570100A23D8F /* testsPostsAppTests.swift */ = {isa = PBXFileReference; lastKnownFileType = sourcecode.swift; path = testsPostsAppTests.swift; sourceTree = "<group>"; };
		46053C7A2609570100A23D8F /* Info.plist */ = {isa = PBXFileReference; lastKnownFileType = text.plist.xml; path = Info.plist; sourceTree = "<group>"; };
		46053CC42609651600A23D8F /* NetworkEntityParser.swift */ = {isa = PBXFileReference; fileEncoding = 4; lastKnownFileType = sourcecode.swift; path = NetworkEntityParser.swift; sourceTree = "<group>"; };
		46053CC52609651600A23D8F /* NetworkError.swift */ = {isa = PBXFileReference; fileEncoding = 4; lastKnownFileType = sourcecode.swift; path = NetworkError.swift; sourceTree = "<group>"; };
		46053CC62609651600A23D8F /* NetworkManager.swift */ = {isa = PBXFileReference; fileEncoding = 4; lastKnownFileType = sourcecode.swift; path = NetworkManager.swift; sourceTree = "<group>"; };
		46053CC72609651600A23D8F /* NetworkConfig.swift */ = {isa = PBXFileReference; fileEncoding = 4; lastKnownFileType = sourcecode.swift; path = NetworkConfig.swift; sourceTree = "<group>"; };
		46053CC82609651600A23D8F /* NetworkRequest.swift */ = {isa = PBXFileReference; fileEncoding = 4; lastKnownFileType = sourcecode.swift; path = NetworkRequest.swift; sourceTree = "<group>"; };
		46053CC92609651600A23D8F /* NetworkResponse.swift */ = {isa = PBXFileReference; fileEncoding = 4; lastKnownFileType = sourcecode.swift; path = NetworkResponse.swift; sourceTree = "<group>"; };
		46053CD22609657500A23D8F /* Managers.swift */ = {isa = PBXFileReference; lastKnownFileType = sourcecode.swift; path = Managers.swift; sourceTree = "<group>"; };
		46053CD7260965D100A23D8F /* Colors.swift */ = {isa = PBXFileReference; lastKnownFileType = sourcecode.swift; path = Colors.swift; sourceTree = "<group>"; };
		46053CDE2609674700A23D8F /* FirstScreenPresenter.swift */ = {isa = PBXFileReference; lastKnownFileType = sourcecode.swift; path = FirstScreenPresenter.swift; sourceTree = "<group>"; };
		46053CE02609674700A23D8F /* FirstScreenRouter.swift */ = {isa = PBXFileReference; lastKnownFileType = sourcecode.swift; path = FirstScreenRouter.swift; sourceTree = "<group>"; };
		46053CE12609674700A23D8F /* FirstScreenModels.swift */ = {isa = PBXFileReference; lastKnownFileType = sourcecode.swift; path = FirstScreenModels.swift; sourceTree = "<group>"; };
		46053CE22609674700A23D8F /* FirstScreenViewController.swift */ = {isa = PBXFileReference; lastKnownFileType = sourcecode.swift; path = FirstScreenViewController.swift; sourceTree = "<group>"; };
		46053CE32609674700A23D8F /* FirstScreenInteractor.swift */ = {isa = PBXFileReference; lastKnownFileType = sourcecode.swift; path = FirstScreenInteractor.swift; sourceTree = "<group>"; };
		463A79AE2609E5FB0099F422 /* Colors.xcassets */ = {isa = PBXFileReference; lastKnownFileType = folder.assetcatalog; path = Colors.xcassets; sourceTree = "<group>"; };
		463A79BD2609E7020099F422 /* UIColor.swift */ = {isa = PBXFileReference; lastKnownFileType = sourcecode.swift; path = UIColor.swift; sourceTree = "<group>"; };
		463A79C22609E7750099F422 /* Collection.swift */ = {isa = PBXFileReference; lastKnownFileType = sourcecode.swift; path = Collection.swift; sourceTree = "<group>"; };
		463A79C62609E9000099F422 /* FirstScreenView.swift */ = {isa = PBXFileReference; lastKnownFileType = sourcecode.swift; path = FirstScreenView.swift; sourceTree = "<group>"; };
		463A79CB2609EC530099F422 /* LoaderView.swift */ = {isa = PBXFileReference; lastKnownFileType = sourcecode.swift; path = LoaderView.swift; sourceTree = "<group>"; };
		463A79CF2609EC7B0099F422 /* UIView.swift */ = {isa = PBXFileReference; lastKnownFileType = sourcecode.swift; path = UIView.swift; sourceTree = "<group>"; };
		463A79D32609ED2A0099F422 /* ScreenLoadErrorView.swift */ = {isa = PBXFileReference; lastKnownFileType = sourcecode.swift; path = ScreenLoadErrorView.swift; sourceTree = "<group>"; };
		463A79D82609EDA00099F422 /* SF-Pro.ttf */ = {isa = PBXFileReference; lastKnownFileType = file; path = "SF-Pro.ttf"; sourceTree = "<group>"; };
		463A79DC2609F2F20099F422 /* PostTableViewCell.swift */ = {isa = PBXFileReference; lastKnownFileType = sourcecode.swift; path = PostTableViewCell.swift; sourceTree = "<group>"; };
		463A79E02609F3720099F422 /* UITableViewCell.swift */ = {isa = PBXFileReference; lastKnownFileType = sourcecode.swift; path = UITableViewCell.swift; sourceTree = "<group>"; };
		463A79E52609F74F0099F422 /* PostEntities.swift */ = {isa = PBXFileReference; lastKnownFileType = sourcecode.swift; path = PostEntities.swift; sourceTree = "<group>"; };
		463A79ED2609F81F0099F422 /* PostDataModels.swift */ = {isa = PBXFileReference; lastKnownFileType = sourcecode.swift; path = PostDataModels.swift; sourceTree = "<group>"; };
		463A79F12609F82E0099F422 /* PostRepository.swift */ = {isa = PBXFileReference; lastKnownFileType = sourcecode.swift; path = PostRepository.swift; sourceTree = "<group>"; };
		463A7A01260A2FF90099F422 /* DatabaseManager.swift */ = {isa = PBXFileReference; lastKnownFileType = sourcecode.swift; path = DatabaseManager.swift; sourceTree = "<group>"; };
		463A7A05260A3D820099F422 /* DatabaseError.swift */ = {isa = PBXFileReference; lastKnownFileType = sourcecode.swift; path = DatabaseError.swift; sourceTree = "<group>"; };
		463A7A0A260A478F0099F422 /* PostObject.swift */ = {isa = PBXFileReference; lastKnownFileType = sourcecode.swift; path = PostObject.swift; sourceTree = "<group>"; };
		463A7A0E260A48F80099F422 /* DatabaseObjectConvertible.swift */ = {isa = PBXFileReference; lastKnownFileType = sourcecode.swift; path = DatabaseObjectConvertible.swift; sourceTree = "<group>"; };
		463A7A1F260A51E90099F422 /* Repositories.swift */ = {isa = PBXFileReference; lastKnownFileType = sourcecode.swift; path = Repositories.swift; sourceTree = "<group>"; };
		467F8786A4F9DA15F9DF6369 /* Pods_testsPostsApp.framework */ = {isa = PBXFileReference; explicitFileType = wrapper.framework; includeInIndex = 0; path = Pods_testsPostsApp.framework; sourceTree = BUILT_PRODUCTS_DIR; };
		73A887E3832BEC590BE9485C /* Pods-testsPostsApp.release.xcconfig */ = {isa = PBXFileReference; includeInIndex = 1; lastKnownFileType = text.xcconfig; name = "Pods-testsPostsApp.release.xcconfig"; path = "Target Support Files/Pods-testsPostsApp/Pods-testsPostsApp.release.xcconfig"; sourceTree = "<group>"; };
		E257F2D198C82788433868DB /* Pods-testsPostsAppTests.debug.xcconfig */ = {isa = PBXFileReference; includeInIndex = 1; lastKnownFileType = text.xcconfig; name = "Pods-testsPostsAppTests.debug.xcconfig"; path = "Target Support Files/Pods-testsPostsAppTests/Pods-testsPostsAppTests.debug.xcconfig"; sourceTree = "<group>"; };
		ED298AB9EE14FE07FB332142 /* Pods-testsPostsApp.debug.xcconfig */ = {isa = PBXFileReference; includeInIndex = 1; lastKnownFileType = text.xcconfig; name = "Pods-testsPostsApp.debug.xcconfig"; path = "Target Support Files/Pods-testsPostsApp/Pods-testsPostsApp.debug.xcconfig"; sourceTree = "<group>"; };
		FA59626127077F911F522395 /* Pods_testsPostsAppTests.framework */ = {isa = PBXFileReference; explicitFileType = wrapper.framework; includeInIndex = 0; path = Pods_testsPostsAppTests.framework; sourceTree = BUILT_PRODUCTS_DIR; };
/* End PBXFileReference section */

/* Begin PBXFrameworksBuildPhase section */
		46053C5B2609570000A23D8F /* Frameworks */ = {
			isa = PBXFrameworksBuildPhase;
			buildActionMask = 2147483647;
			files = (
				971E61E752701703F4C15EF0 /* Pods_testsPostsApp.framework in Frameworks */,
			);
			runOnlyForDeploymentPostprocessing = 0;
		};
		46053C712609570100A23D8F /* Frameworks */ = {
			isa = PBXFrameworksBuildPhase;
			buildActionMask = 2147483647;
			files = (
				5F0EB470B5C8C5214F7B8BD6 /* Pods_testsPostsAppTests.framework in Frameworks */,
			);
			runOnlyForDeploymentPostprocessing = 0;
		};
/* End PBXFrameworksBuildPhase section */

/* Begin PBXGroup section */
		3D4A5775F91E1C68920E711E /* Frameworks */ = {
			isa = PBXGroup;
			children = (
				467F8786A4F9DA15F9DF6369 /* Pods_testsPostsApp.framework */,
				FA59626127077F911F522395 /* Pods_testsPostsAppTests.framework */,
			);
			name = Frameworks;
			sourceTree = "<group>";
		};
		4469B1DC7FAEB8D70A12B05F /* Pods */ = {
			isa = PBXGroup;
			children = (
				ED298AB9EE14FE07FB332142 /* Pods-testsPostsApp.debug.xcconfig */,
				73A887E3832BEC590BE9485C /* Pods-testsPostsApp.release.xcconfig */,
				E257F2D198C82788433868DB /* Pods-testsPostsAppTests.debug.xcconfig */,
				20D904F37C6B6929336BC2C1 /* Pods-testsPostsAppTests.release.xcconfig */,
			);
			path = Pods;
			sourceTree = "<group>";
		};
		46053C552609570000A23D8F = {
			isa = PBXGroup;
			children = (
				46053C602609570000A23D8F /* testsPostsApp */,
				46053C772609570100A23D8F /* testsPostsAppTests */,
				46053C5F2609570000A23D8F /* Products */,
				4469B1DC7FAEB8D70A12B05F /* Pods */,
				3D4A5775F91E1C68920E711E /* Frameworks */,
			);
			sourceTree = "<group>";
		};
		46053C5F2609570000A23D8F /* Products */ = {
			isa = PBXGroup;
			children = (
				46053C5E2609570000A23D8F /* testsPostsApp.app */,
				46053C742609570100A23D8F /* testsPostsAppTests.xctest */,
			);
			name = Products;
			sourceTree = "<group>";
		};
		46053C602609570000A23D8F /* testsPostsApp */ = {
			isa = PBXGroup;
			children = (
				46053C612609570000A23D8F /* AppDelegate.swift */,
				46053CBA260964AF00A23D8F /* Config */,
				46053CD6260965B700A23D8F /* Constants */,
				463A79E42609F7370099F422 /* Entities */,
				463A79BB2609E6E10099F422 /* Extensions */,
				463A79EB2609F7EF0099F422 /* Repositories */,
				46053CDB2609660600A23D8F /* Resources */,
				46053CDC260966BC00A23D8F /* Scenes */,
				463A79CA2609EC260099F422 /* Views */,
			);
			path = testsPostsApp;
			sourceTree = "<group>";
		};
		46053C772609570100A23D8F /* testsPostsAppTests */ = {
			isa = PBXGroup;
			children = (
				46053C782609570100A23D8F /* testsPostsAppTests.swift */,
				46053C7A2609570100A23D8F /* Info.plist */,
			);
			path = testsPostsAppTests;
			sourceTree = "<group>";
		};
		46053CBA260964AF00A23D8F /* Config */ = {
			isa = PBXGroup;
			children = (
				463A79FE260A2FCE0099F422 /* Database */,
				46053CC12609650400A23D8F /* Network */,
				46053C6F2609570100A23D8F /* Info.plist */,
				46053CD22609657500A23D8F /* Managers.swift */,
			);
			path = Config;
			sourceTree = "<group>";
		};
		46053CC12609650400A23D8F /* Network */ = {
			isa = PBXGroup;
			children = (
				46053CC72609651600A23D8F /* NetworkConfig.swift */,
				46053CC42609651600A23D8F /* NetworkEntityParser.swift */,
				46053CC52609651600A23D8F /* NetworkError.swift */,
				46053CC62609651600A23D8F /* NetworkManager.swift */,
				46053CC82609651600A23D8F /* NetworkRequest.swift */,
				46053CC92609651600A23D8F /* NetworkResponse.swift */,
			);
			path = Network;
			sourceTree = "<group>";
		};
		46053CD6260965B700A23D8F /* Constants */ = {
			isa = PBXGroup;
			children = (
				46053CD7260965D100A23D8F /* Colors.swift */,
			);
			path = Constants;
			sourceTree = "<group>";
		};
		46053CDB2609660600A23D8F /* Resources */ = {
			isa = PBXGroup;
			children = (
				463A79D72609ED890099F422 /* Fonts */,
				46053C6A2609570100A23D8F /* Assets.xcassets */,
				463A79AE2609E5FB0099F422 /* Colors.xcassets */,
				46053C6C2609570100A23D8F /* LaunchScreen.storyboard */,
			);
			path = Resources;
			sourceTree = "<group>";
		};
		46053CDC260966BC00A23D8F /* Scenes */ = {
			isa = PBXGroup;
			children = (
				46053CDD2609672900A23D8F /* FirstScreen */,
			);
			path = Scenes;
			sourceTree = "<group>";
		};
		46053CDD2609672900A23D8F /* FirstScreen */ = {
			isa = PBXGroup;
			children = (
				46053CDE2609674700A23D8F /* FirstScreenPresenter.swift */,
				46053CE02609674700A23D8F /* FirstScreenRouter.swift */,
				46053CE12609674700A23D8F /* FirstScreenModels.swift */,
				46053CE22609674700A23D8F /* FirstScreenViewController.swift */,
				46053CE32609674700A23D8F /* FirstScreenInteractor.swift */,
				463A79C62609E9000099F422 /* FirstScreenView.swift */,
			);
			path = FirstScreen;
			sourceTree = "<group>";
		};
		463A79BB2609E6E10099F422 /* Extensions */ = {
			isa = PBXGroup;
			children = (
				463A79C12609E7630099F422 /* Foundation */,
				463A79BC2609E6EA0099F422 /* UIKit */,
			);
			path = Extensions;
			sourceTree = "<group>";
		};
		463A79BC2609E6EA0099F422 /* UIKit */ = {
			isa = PBXGroup;
			children = (
				463A79BD2609E7020099F422 /* UIColor.swift */,
				463A79CF2609EC7B0099F422 /* UIView.swift */,
				463A79E02609F3720099F422 /* UITableViewCell.swift */,
			);
			path = UIKit;
			sourceTree = "<group>";
		};
		463A79C12609E7630099F422 /* Foundation */ = {
			isa = PBXGroup;
			children = (
				463A79C22609E7750099F422 /* Collection.swift */,
			);
			path = Foundation;
			sourceTree = "<group>";
		};
		463A79CA2609EC260099F422 /* Views */ = {
			isa = PBXGroup;
			children = (
				463A79DB2609F2D50099F422 /* Cells */,
				463A79CB2609EC530099F422 /* LoaderView.swift */,
				463A79D32609ED2A0099F422 /* ScreenLoadErrorView.swift */,
			);
			path = Views;
			sourceTree = "<group>";
		};
		463A79D72609ED890099F422 /* Fonts */ = {
			isa = PBXGroup;
			children = (
				463A79D82609EDA00099F422 /* SF-Pro.ttf */,
			);
			path = Fonts;
			sourceTree = "<group>";
		};
		463A79DB2609F2D50099F422 /* Cells */ = {
			isa = PBXGroup;
			children = (
				463A79DC2609F2F20099F422 /* PostTableViewCell.swift */,
			);
			path = Cells;
			sourceTree = "<group>";
		};
		463A79E42609F7370099F422 /* Entities */ = {
			isa = PBXGroup;
			children = (
				463A79E52609F74F0099F422 /* PostEntities.swift */,
			);
			path = Entities;
			sourceTree = "<group>";
		};
		463A79EB2609F7EF0099F422 /* Repositories */ = {
			isa = PBXGroup;
			children = (
				463A79EC2609F8050099F422 /* Post */,
				463A7A1F260A51E90099F422 /* Repositories.swift */,
			);
			path = Repositories;
			sourceTree = "<group>";
		};
		463A79EC2609F8050099F422 /* Post */ = {
			isa = PBXGroup;
			children = (
				463A79ED2609F81F0099F422 /* PostDataModels.swift */,
				463A79F12609F82E0099F422 /* PostRepository.swift */,
			);
			path = Post;
			sourceTree = "<group>";
		};
		463A79FE260A2FCE0099F422 /* Database */ = {
			isa = PBXGroup;
			children = (
				463A7A09260A47770099F422 /* Objects */,
				463A7A01260A2FF90099F422 /* DatabaseManager.swift */,
				463A7A0E260A48F80099F422 /* DatabaseObjectConvertible.swift */,
				463A7A05260A3D820099F422 /* DatabaseError.swift */,
			);
			path = Database;
			sourceTree = "<group>";
		};
		463A7A09260A47770099F422 /* Objects */ = {
			isa = PBXGroup;
			children = (
				463A7A0A260A478F0099F422 /* PostObject.swift */,
			);
			path = Objects;
			sourceTree = "<group>";
		};
/* End PBXGroup section */

/* Begin PBXNativeTarget section */
		46053C5D2609570000A23D8F /* testsPostsApp */ = {
			isa = PBXNativeTarget;
			buildConfigurationList = 46053C882609570100A23D8F /* Build configuration list for PBXNativeTarget "testsPostsApp" */;
			buildPhases = (
				784C77AB0F2719298165B05E /* [CP] Check Pods Manifest.lock */,
				46053CB02609629600A23D8F /* SwiftLint */,
				46053CB1260962C700A23D8F /* SwiftGen */,
				46053C5A2609570000A23D8F /* Sources */,
				46053C5B2609570000A23D8F /* Frameworks */,
				46053C5C2609570000A23D8F /* Resources */,
				99B26246C868A2393DE8E0CD /* [CP] Embed Pods Frameworks */,
			);
			buildRules = (
			);
			dependencies = (
			);
			name = testsPostsApp;
			productName = testsPostsApp;
			productReference = 46053C5E2609570000A23D8F /* testsPostsApp.app */;
			productType = "com.apple.product-type.application";
		};
		46053C732609570100A23D8F /* testsPostsAppTests */ = {
			isa = PBXNativeTarget;
			buildConfigurationList = 46053C8B2609570100A23D8F /* Build configuration list for PBXNativeTarget "testsPostsAppTests" */;
			buildPhases = (
				FF53A78CF0B713D12B1F3566 /* [CP] Check Pods Manifest.lock */,
				46053C702609570100A23D8F /* Sources */,
				46053C712609570100A23D8F /* Frameworks */,
				46053C722609570100A23D8F /* Resources */,
				B0FF85BFD3AE9234ADD8A57B /* [CP] Embed Pods Frameworks */,
			);
			buildRules = (
			);
			dependencies = (
				46053C762609570100A23D8F /* PBXTargetDependency */,
			);
			name = testsPostsAppTests;
			productName = testsPostsAppTests;
			productReference = 46053C742609570100A23D8F /* testsPostsAppTests.xctest */;
			productType = "com.apple.product-type.bundle.unit-test";
		};
/* End PBXNativeTarget section */

/* Begin PBXProject section */
		46053C562609570000A23D8F /* Project object */ = {
			isa = PBXProject;
			attributes = {
				LastSwiftUpdateCheck = 1240;
				LastUpgradeCheck = 1240;
				TargetAttributes = {
					46053C5D2609570000A23D8F = {
						CreatedOnToolsVersion = 12.4;
					};
					46053C732609570100A23D8F = {
						CreatedOnToolsVersion = 12.4;
						TestTargetID = 46053C5D2609570000A23D8F;
					};
				};
			};
			buildConfigurationList = 46053C592609570000A23D8F /* Build configuration list for PBXProject "testsPostsApp" */;
			compatibilityVersion = "Xcode 9.3";
			developmentRegion = en;
			hasScannedForEncodings = 0;
			knownRegions = (
				en,
				Base,
			);
			mainGroup = 46053C552609570000A23D8F;
			productRefGroup = 46053C5F2609570000A23D8F /* Products */;
			projectDirPath = "";
			projectRoot = "";
			targets = (
				46053C5D2609570000A23D8F /* testsPostsApp */,
				46053C732609570100A23D8F /* testsPostsAppTests */,
			);
		};
/* End PBXProject section */

/* Begin PBXResourcesBuildPhase section */
		46053C5C2609570000A23D8F /* Resources */ = {
			isa = PBXResourcesBuildPhase;
			buildActionMask = 2147483647;
			files = (
				463A79AF2609E5FB0099F422 /* Colors.xcassets in Resources */,
				46053C6E2609570100A23D8F /* LaunchScreen.storyboard in Resources */,
				46053C6B2609570100A23D8F /* Assets.xcassets in Resources */,
			);
			runOnlyForDeploymentPostprocessing = 0;
		};
		46053C722609570100A23D8F /* Resources */ = {
			isa = PBXResourcesBuildPhase;
			buildActionMask = 2147483647;
			files = (
			);
			runOnlyForDeploymentPostprocessing = 0;
		};
/* End PBXResourcesBuildPhase section */

/* Begin PBXShellScriptBuildPhase section */
		46053CB02609629600A23D8F /* SwiftLint */ = {
			isa = PBXShellScriptBuildPhase;
			buildActionMask = 2147483647;
			files = (
			);
			inputFileListPaths = (
			);
			inputPaths = (
			);
			name = SwiftLint;
			outputFileListPaths = (
			);
			outputPaths = (
			);
			runOnlyForDeploymentPostprocessing = 0;
			shellPath = /bin/sh;
			shellScript = "\"${PODS_ROOT}/SwiftLint/swiftlint\" autocorrect\n\"${PODS_ROOT}/SwiftLint/swiftlint\"\n";
		};
		46053CB1260962C700A23D8F /* SwiftGen */ = {
			isa = PBXShellScriptBuildPhase;
			buildActionMask = 2147483647;
			files = (
			);
			inputFileListPaths = (
			);
			inputPaths = (
			);
			name = SwiftGen;
			outputFileListPaths = (
			);
			outputPaths = (
			);
			runOnlyForDeploymentPostprocessing = 0;
			shellPath = /bin/sh;
			shellScript = "\"$PODS_ROOT/SwiftGen/bin/swiftgen\"\n";
		};
		784C77AB0F2719298165B05E /* [CP] Check Pods Manifest.lock */ = {
			isa = PBXShellScriptBuildPhase;
			buildActionMask = 2147483647;
			files = (
			);
			inputFileListPaths = (
			);
			inputPaths = (
				"${PODS_PODFILE_DIR_PATH}/Podfile.lock",
				"${PODS_ROOT}/Manifest.lock",
			);
			name = "[CP] Check Pods Manifest.lock";
			outputFileListPaths = (
			);
			outputPaths = (
				"$(DERIVED_FILE_DIR)/Pods-testsPostsApp-checkManifestLockResult.txt",
			);
			runOnlyForDeploymentPostprocessing = 0;
			shellPath = /bin/sh;
			shellScript = "diff \"${PODS_PODFILE_DIR_PATH}/Podfile.lock\" \"${PODS_ROOT}/Manifest.lock\" > /dev/null\nif [ $? != 0 ] ; then\n    # print error to STDERR\n    echo \"error: The sandbox is not in sync with the Podfile.lock. Run 'pod install' or update your CocoaPods installation.\" >&2\n    exit 1\nfi\n# This output is used by Xcode 'outputs' to avoid re-running this script phase.\necho \"SUCCESS\" > \"${SCRIPT_OUTPUT_FILE_0}\"\n";
			showEnvVarsInLog = 0;
		};
		99B26246C868A2393DE8E0CD /* [CP] Embed Pods Frameworks */ = {
			isa = PBXShellScriptBuildPhase;
			buildActionMask = 2147483647;
			files = (
			);
			inputFileListPaths = (
				"${PODS_ROOT}/Target Support Files/Pods-testsPostsApp/Pods-testsPostsApp-frameworks-${CONFIGURATION}-input-files.xcfilelist",
			);
			name = "[CP] Embed Pods Frameworks";
			outputFileListPaths = (
				"${PODS_ROOT}/Target Support Files/Pods-testsPostsApp/Pods-testsPostsApp-frameworks-${CONFIGURATION}-output-files.xcfilelist",
			);
			runOnlyForDeploymentPostprocessing = 0;
			shellPath = /bin/sh;
			shellScript = "\"${PODS_ROOT}/Target Support Files/Pods-testsPostsApp/Pods-testsPostsApp-frameworks.sh\"\n";
			showEnvVarsInLog = 0;
		};
		B0FF85BFD3AE9234ADD8A57B /* [CP] Embed Pods Frameworks */ = {
			isa = PBXShellScriptBuildPhase;
			buildActionMask = 2147483647;
			files = (
			);
			inputFileListPaths = (
				"${PODS_ROOT}/Target Support Files/Pods-testsPostsAppTests/Pods-testsPostsAppTests-frameworks-${CONFIGURATION}-input-files.xcfilelist",
			);
			name = "[CP] Embed Pods Frameworks";
			outputFileListPaths = (
				"${PODS_ROOT}/Target Support Files/Pods-testsPostsAppTests/Pods-testsPostsAppTests-frameworks-${CONFIGURATION}-output-files.xcfilelist",
			);
			runOnlyForDeploymentPostprocessing = 0;
			shellPath = /bin/sh;
			shellScript = "\"${PODS_ROOT}/Target Support Files/Pods-testsPostsAppTests/Pods-testsPostsAppTests-frameworks.sh\"\n";
			showEnvVarsInLog = 0;
		};
		FF53A78CF0B713D12B1F3566 /* [CP] Check Pods Manifest.lock */ = {
			isa = PBXShellScriptBuildPhase;
			buildActionMask = 2147483647;
			files = (
			);
			inputFileListPaths = (
			);
			inputPaths = (
				"${PODS_PODFILE_DIR_PATH}/Podfile.lock",
				"${PODS_ROOT}/Manifest.lock",
			);
			name = "[CP] Check Pods Manifest.lock";
			outputFileListPaths = (
			);
			outputPaths = (
				"$(DERIVED_FILE_DIR)/Pods-testsPostsAppTests-checkManifestLockResult.txt",
			);
			runOnlyForDeploymentPostprocessing = 0;
			shellPath = /bin/sh;
			shellScript = "diff \"${PODS_PODFILE_DIR_PATH}/Podfile.lock\" \"${PODS_ROOT}/Manifest.lock\" > /dev/null\nif [ $? != 0 ] ; then\n    # print error to STDERR\n    echo \"error: The sandbox is not in sync with the Podfile.lock. Run 'pod install' or update your CocoaPods installation.\" >&2\n    exit 1\nfi\n# This output is used by Xcode 'outputs' to avoid re-running this script phase.\necho \"SUCCESS\" > \"${SCRIPT_OUTPUT_FILE_0}\"\n";
			showEnvVarsInLog = 0;
		};
/* End PBXShellScriptBuildPhase section */

/* Begin PBXSourcesBuildPhase section */
		46053C5A2609570000A23D8F /* Sources */ = {
			isa = PBXSourcesBuildPhase;
			buildActionMask = 2147483647;
			files = (
				463A7A0B260A478F0099F422 /* PostObject.swift in Sources */,
				46053CCC2609651600A23D8F /* NetworkManager.swift in Sources */,
				46053CD8260965D100A23D8F /* Colors.swift in Sources */,
				463A7A02260A2FF90099F422 /* DatabaseManager.swift in Sources */,
				46053CCD2609651600A23D8F /* NetworkConfig.swift in Sources */,
				463A79EE2609F81F0099F422 /* PostDataModels.swift in Sources */,
				463A7A06260A3D820099F422 /* DatabaseError.swift in Sources */,
				46053CCF2609651600A23D8F /* NetworkResponse.swift in Sources */,
				463A79BE2609E7020099F422 /* UIColor.swift in Sources */,
				463A79E62609F74F0099F422 /* PostEntities.swift in Sources */,
				463A79E12609F3720099F422 /* UITableViewCell.swift in Sources */,
				463A7A20260A51E90099F422 /* Repositories.swift in Sources */,
				46053CCB2609651600A23D8F /* NetworkError.swift in Sources */,
				46053CCA2609651600A23D8F /* NetworkEntityParser.swift in Sources */,
				463A79C72609E9000099F422 /* FirstScreenView.swift in Sources */,
				463A79C32609E7750099F422 /* Collection.swift in Sources */,
				46053CCE2609651600A23D8F /* NetworkRequest.swift in Sources */,
				46053CE42609674700A23D8F /* FirstScreenPresenter.swift in Sources */,
				46053CE72609674700A23D8F /* FirstScreenModels.swift in Sources */,
				46053C622609570000A23D8F /* AppDelegate.swift in Sources */,
				463A79D02609EC7B0099F422 /* UIView.swift in Sources */,
				463A79DD2609F2F20099F422 /* PostTableViewCell.swift in Sources */,
				46053CE82609674700A23D8F /* FirstScreenViewController.swift in Sources */,
				46053CD32609657500A23D8F /* Managers.swift in Sources */,
				463A7A0F260A48F80099F422 /* DatabaseObjectConvertible.swift in Sources */,
				46053CE62609674700A23D8F /* FirstScreenRouter.swift in Sources */,
				463A79F22609F82E0099F422 /* PostRepository.swift in Sources */,
				463A79D42609ED2A0099F422 /* ScreenLoadErrorView.swift in Sources */,
				46053CE92609674700A23D8F /* FirstScreenInteractor.swift in Sources */,
				463A79CC2609EC530099F422 /* LoaderView.swift in Sources */,
			);
			runOnlyForDeploymentPostprocessing = 0;
		};
		46053C702609570100A23D8F /* Sources */ = {
			isa = PBXSourcesBuildPhase;
			buildActionMask = 2147483647;
			files = (
				46053C792609570100A23D8F /* testsPostsAppTests.swift in Sources */,
			);
			runOnlyForDeploymentPostprocessing = 0;
		};
/* End PBXSourcesBuildPhase section */

/* Begin PBXTargetDependency section */
		46053C762609570100A23D8F /* PBXTargetDependency */ = {
			isa = PBXTargetDependency;
			target = 46053C5D2609570000A23D8F /* testsPostsApp */;
			targetProxy = 46053C752609570100A23D8F /* PBXContainerItemProxy */;
		};
/* End PBXTargetDependency section */

/* Begin PBXVariantGroup section */
		46053C6C2609570100A23D8F /* LaunchScreen.storyboard */ = {
			isa = PBXVariantGroup;
			children = (
				46053C6D2609570100A23D8F /* Base */,
			);
			name = LaunchScreen.storyboard;
			sourceTree = "<group>";
		};
/* End PBXVariantGroup section */

/* Begin XCBuildConfiguration section */
		46053C862609570100A23D8F /* Debug */ = {
			isa = XCBuildConfiguration;
			buildSettings = {
				ALWAYS_EMBED_SWIFT_STANDARD_LIBRARIES = "$(inherited)";
				ALWAYS_SEARCH_USER_PATHS = NO;
				CLANG_ANALYZER_NONNULL = YES;
				CLANG_ANALYZER_NUMBER_OBJECT_CONVERSION = YES_AGGRESSIVE;
				CLANG_CXX_LANGUAGE_STANDARD = "gnu++14";
				CLANG_CXX_LIBRARY = "libc++";
				CLANG_ENABLE_MODULES = YES;
				CLANG_ENABLE_OBJC_ARC = YES;
				CLANG_ENABLE_OBJC_WEAK = YES;
				CLANG_WARN_BLOCK_CAPTURE_AUTORELEASING = YES;
				CLANG_WARN_BOOL_CONVERSION = YES;
				CLANG_WARN_COMMA = YES;
				CLANG_WARN_CONSTANT_CONVERSION = YES;
				CLANG_WARN_DEPRECATED_OBJC_IMPLEMENTATIONS = YES;
				CLANG_WARN_DIRECT_OBJC_ISA_USAGE = YES_ERROR;
				CLANG_WARN_DOCUMENTATION_COMMENTS = YES;
				CLANG_WARN_EMPTY_BODY = YES;
				CLANG_WARN_ENUM_CONVERSION = YES;
				CLANG_WARN_INFINITE_RECURSION = YES;
				CLANG_WARN_INT_CONVERSION = YES;
				CLANG_WARN_NON_LITERAL_NULL_CONVERSION = YES;
				CLANG_WARN_OBJC_IMPLICIT_RETAIN_SELF = YES;
				CLANG_WARN_OBJC_LITERAL_CONVERSION = YES;
				CLANG_WARN_OBJC_ROOT_CLASS = YES_ERROR;
				CLANG_WARN_QUOTED_INCLUDE_IN_FRAMEWORK_HEADER = YES;
				CLANG_WARN_RANGE_LOOP_ANALYSIS = YES;
				CLANG_WARN_STRICT_PROTOTYPES = YES;
				CLANG_WARN_SUSPICIOUS_MOVE = YES;
				CLANG_WARN_UNGUARDED_AVAILABILITY = YES_AGGRESSIVE;
				CLANG_WARN_UNREACHABLE_CODE = YES;
				CLANG_WARN__DUPLICATE_METHOD_MATCH = YES;
				COPY_PHASE_STRIP = NO;
				DEBUG_INFORMATION_FORMAT = dwarf;
				ENABLE_STRICT_OBJC_MSGSEND = YES;
				ENABLE_TESTABILITY = YES;
				GCC_C_LANGUAGE_STANDARD = gnu11;
				GCC_DYNAMIC_NO_PIC = NO;
				GCC_NO_COMMON_BLOCKS = YES;
				GCC_OPTIMIZATION_LEVEL = 0;
				GCC_PREPROCESSOR_DEFINITIONS = (
					"DEBUG=1",
					"$(inherited)",
				);
				GCC_WARN_64_TO_32_BIT_CONVERSION = YES;
				GCC_WARN_ABOUT_RETURN_TYPE = YES_ERROR;
				GCC_WARN_UNDECLARED_SELECTOR = YES;
				GCC_WARN_UNINITIALIZED_AUTOS = YES_AGGRESSIVE;
				GCC_WARN_UNUSED_FUNCTION = YES;
				GCC_WARN_UNUSED_VARIABLE = YES;
				IPHONEOS_DEPLOYMENT_TARGET = 14.1;
				MTL_ENABLE_DEBUG_INFO = INCLUDE_SOURCE;
				MTL_FAST_MATH = YES;
				ONLY_ACTIVE_ARCH = YES;
				SDKROOT = iphoneos;
				SWIFT_ACTIVE_COMPILATION_CONDITIONS = DEBUG;
				SWIFT_OPTIMIZATION_LEVEL = "-Onone";
			};
			name = Debug;
		};
		46053C872609570100A23D8F /* Release */ = {
			isa = XCBuildConfiguration;
			buildSettings = {
				ALWAYS_EMBED_SWIFT_STANDARD_LIBRARIES = "$(inherited)";
				ALWAYS_SEARCH_USER_PATHS = NO;
				CLANG_ANALYZER_NONNULL = YES;
				CLANG_ANALYZER_NUMBER_OBJECT_CONVERSION = YES_AGGRESSIVE;
				CLANG_CXX_LANGUAGE_STANDARD = "gnu++14";
				CLANG_CXX_LIBRARY = "libc++";
				CLANG_ENABLE_MODULES = YES;
				CLANG_ENABLE_OBJC_ARC = YES;
				CLANG_ENABLE_OBJC_WEAK = YES;
				CLANG_WARN_BLOCK_CAPTURE_AUTORELEASING = YES;
				CLANG_WARN_BOOL_CONVERSION = YES;
				CLANG_WARN_COMMA = YES;
				CLANG_WARN_CONSTANT_CONVERSION = YES;
				CLANG_WARN_DEPRECATED_OBJC_IMPLEMENTATIONS = YES;
				CLANG_WARN_DIRECT_OBJC_ISA_USAGE = YES_ERROR;
				CLANG_WARN_DOCUMENTATION_COMMENTS = YES;
				CLANG_WARN_EMPTY_BODY = YES;
				CLANG_WARN_ENUM_CONVERSION = YES;
				CLANG_WARN_INFINITE_RECURSION = YES;
				CLANG_WARN_INT_CONVERSION = YES;
				CLANG_WARN_NON_LITERAL_NULL_CONVERSION = YES;
				CLANG_WARN_OBJC_IMPLICIT_RETAIN_SELF = YES;
				CLANG_WARN_OBJC_LITERAL_CONVERSION = YES;
				CLANG_WARN_OBJC_ROOT_CLASS = YES_ERROR;
				CLANG_WARN_QUOTED_INCLUDE_IN_FRAMEWORK_HEADER = YES;
				CLANG_WARN_RANGE_LOOP_ANALYSIS = YES;
				CLANG_WARN_STRICT_PROTOTYPES = YES;
				CLANG_WARN_SUSPICIOUS_MOVE = YES;
				CLANG_WARN_UNGUARDED_AVAILABILITY = YES_AGGRESSIVE;
				CLANG_WARN_UNREACHABLE_CODE = YES;
				CLANG_WARN__DUPLICATE_METHOD_MATCH = YES;
				COPY_PHASE_STRIP = NO;
				DEBUG_INFORMATION_FORMAT = "dwarf-with-dsym";
				ENABLE_NS_ASSERTIONS = NO;
				ENABLE_STRICT_OBJC_MSGSEND = YES;
				GCC_C_LANGUAGE_STANDARD = gnu11;
				GCC_NO_COMMON_BLOCKS = YES;
				GCC_WARN_64_TO_32_BIT_CONVERSION = YES;
				GCC_WARN_ABOUT_RETURN_TYPE = YES_ERROR;
				GCC_WARN_UNDECLARED_SELECTOR = YES;
				GCC_WARN_UNINITIALIZED_AUTOS = YES_AGGRESSIVE;
				GCC_WARN_UNUSED_FUNCTION = YES;
				GCC_WARN_UNUSED_VARIABLE = YES;
				IPHONEOS_DEPLOYMENT_TARGET = 14.1;
				MTL_ENABLE_DEBUG_INFO = NO;
				MTL_FAST_MATH = YES;
				SDKROOT = iphoneos;
				SWIFT_COMPILATION_MODE = wholemodule;
				SWIFT_OPTIMIZATION_LEVEL = "-O";
				VALIDATE_PRODUCT = YES;
			};
			name = Release;
		};
		46053C892609570100A23D8F /* Debug */ = {
			isa = XCBuildConfiguration;
			baseConfigurationReference = ED298AB9EE14FE07FB332142 /* Pods-testsPostsApp.debug.xcconfig */;
			buildSettings = {
				ALWAYS_EMBED_SWIFT_STANDARD_LIBRARIES = "$(inherited)";
				ASSETCATALOG_COMPILER_APPICON_NAME = AppIcon;
				ASSETCATALOG_COMPILER_GLOBAL_ACCENT_COLOR_NAME = AccentColor;
				CODE_SIGN_STYLE = Automatic;
				DEVELOPMENT_TEAM = P6G7RTZRKS;
				INFOPLIST_FILE = testsPostsApp/Config/Info.plist;
				LD_RUNPATH_SEARCH_PATHS = (
					"$(inherited)",
					"@executable_path/Frameworks",
				);
				PRODUCT_BUNDLE_IDENTIFIER = guilleasencio.testsPostsApp;
				PRODUCT_NAME = "$(TARGET_NAME)";
				SWIFT_VERSION = 5.0;
				TARGETED_DEVICE_FAMILY = 1;
			};
			name = Debug;
		};
		46053C8A2609570100A23D8F /* Release */ = {
			isa = XCBuildConfiguration;
			baseConfigurationReference = 73A887E3832BEC590BE9485C /* Pods-testsPostsApp.release.xcconfig */;
			buildSettings = {
				ALWAYS_EMBED_SWIFT_STANDARD_LIBRARIES = "$(inherited)";
				ASSETCATALOG_COMPILER_APPICON_NAME = AppIcon;
				ASSETCATALOG_COMPILER_GLOBAL_ACCENT_COLOR_NAME = AccentColor;
				CODE_SIGN_STYLE = Automatic;
				DEVELOPMENT_TEAM = P6G7RTZRKS;
				INFOPLIST_FILE = testsPostsApp/Config/Info.plist;
				LD_RUNPATH_SEARCH_PATHS = (
					"$(inherited)",
					"@executable_path/Frameworks",
				);
				PRODUCT_BUNDLE_IDENTIFIER = guilleasencio.testsPostsApp;
				PRODUCT_NAME = "$(TARGET_NAME)";
				SWIFT_VERSION = 5.0;
				TARGETED_DEVICE_FAMILY = 1;
			};
			name = Release;
		};
		46053C8C2609570100A23D8F /* Debug */ = {
			isa = XCBuildConfiguration;
			baseConfigurationReference = E257F2D198C82788433868DB /* Pods-testsPostsAppTests.debug.xcconfig */;
			buildSettings = {
				ALWAYS_EMBED_SWIFT_STANDARD_LIBRARIES = "$(inherited)";
				BUNDLE_LOADER = "$(TEST_HOST)";
				CODE_SIGN_STYLE = Automatic;
				DEVELOPMENT_TEAM = P6G7RTZRKS;
				INFOPLIST_FILE = testsPostsAppTests/Info.plist;
				IPHONEOS_DEPLOYMENT_TARGET = 14.4;
				LD_RUNPATH_SEARCH_PATHS = (
					"$(inherited)",
					"@executable_path/Frameworks",
					"@loader_path/Frameworks",
				);
				PRODUCT_BUNDLE_IDENTIFIER = guilleasencio.testsPostsAppTests;
				PRODUCT_NAME = "$(TARGET_NAME)";
				SWIFT_VERSION = 5.0;
				TARGETED_DEVICE_FAMILY = "1,2";
				TEST_HOST = "$(BUILT_PRODUCTS_DIR)/testsPostsApp.app/testsPostsApp";
			};
			name = Debug;
		};
		46053C8D2609570100A23D8F /* Release */ = {
			isa = XCBuildConfiguration;
			baseConfigurationReference = 20D904F37C6B6929336BC2C1 /* Pods-testsPostsAppTests.release.xcconfig */;
			buildSettings = {
				ALWAYS_EMBED_SWIFT_STANDARD_LIBRARIES = "$(inherited)";
				BUNDLE_LOADER = "$(TEST_HOST)";
				CODE_SIGN_STYLE = Automatic;
				DEVELOPMENT_TEAM = P6G7RTZRKS;
				INFOPLIST_FILE = testsPostsAppTests/Info.plist;
				IPHONEOS_DEPLOYMENT_TARGET = 14.4;
				LD_RUNPATH_SEARCH_PATHS = (
					"$(inherited)",
					"@executable_path/Frameworks",
					"@loader_path/Frameworks",
				);
				PRODUCT_BUNDLE_IDENTIFIER = guilleasencio.testsPostsAppTests;
				PRODUCT_NAME = "$(TARGET_NAME)";
				SWIFT_VERSION = 5.0;
				TARGETED_DEVICE_FAMILY = "1,2";
				TEST_HOST = "$(BUILT_PRODUCTS_DIR)/testsPostsApp.app/testsPostsApp";
			};
			name = Release;
		};
/* End XCBuildConfiguration section */

/* Begin XCConfigurationList section */
		46053C592609570000A23D8F /* Build configuration list for PBXProject "testsPostsApp" */ = {
			isa = XCConfigurationList;
			buildConfigurations = (
				46053C862609570100A23D8F /* Debug */,
				46053C872609570100A23D8F /* Release */,
			);
			defaultConfigurationIsVisible = 0;
			defaultConfigurationName = Release;
		};
		46053C882609570100A23D8F /* Build configuration list for PBXNativeTarget "testsPostsApp" */ = {
			isa = XCConfigurationList;
			buildConfigurations = (
				46053C892609570100A23D8F /* Debug */,
				46053C8A2609570100A23D8F /* Release */,
			);
			defaultConfigurationIsVisible = 0;
			defaultConfigurationName = Release;
		};
		46053C8B2609570100A23D8F /* Build configuration list for PBXNativeTarget "testsPostsAppTests" */ = {
			isa = XCConfigurationList;
			buildConfigurations = (
				46053C8C2609570100A23D8F /* Debug */,
				46053C8D2609570100A23D8F /* Release */,
			);
			defaultConfigurationIsVisible = 0;
			defaultConfigurationName = Release;
		};
/* End XCConfigurationList section */
	};
	rootObject = 46053C562609570000A23D8F /* Project object */;
}
